
Microsoft Visual Studio Solution File, Format Version 12.00
# Visual Studio Version 17
VisualStudioVersion = 17.2.32602.215
MinimumVisualStudioVersion = 10.0.40219.1
Project("{FAE04EC0-301F-11D3-BF4B-00C04F79EFBC}") = "CollectionsTask4", "CollectionsTask4\CollectionsTask4.csproj", "{C358DD5E-A603-409F-B9BA-D81F2DCC001B}"
EndProject
Global
	GlobalSection(SolutionConfigurationPlatforms) = preSolution
		Debug|Any CPU = Debug|Any CPU
		Release|Any CPU = Release|Any CPU
	EndGlobalSection
	GlobalSection(ProjectConfigurationPlatforms) = postSolution
		{C358DD5E-A603-409F-B9BA-D81F2DCC001B}.Debug|Any CPU.ActiveCfg = Debug|Any CPU
		{C358DD5E-A603-409F-B9BA-D81F2DCC001B}.Debug|Any CPU.Build.0 = Debug|Any CPU
		{C358DD5E-A603-409F-B9BA-D81F2DCC001B}.Release|Any CPU.ActiveCfg = Release|Any CPU
		{C358DD5E-A603-409F-B9BA-D81F2DCC001B}.Release|Any CPU.Build.0 = Release|Any CPU
	EndGlobalSection
	GlobalSection(SolutionProperties) = preSolution
		HideSolutionNode = FALSE
	EndGlobalSection
	GlobalSection(ExtensibilityGlobals) = postSolution
		SolutionGuid = {635FF4A2-A7B5-431C-A1D7-C3A674798194}
	EndGlobalSection
EndGlobal
